
Microsoft Visual Studio Solution File, Format Version 12.00
# Visual Studio 15
VisualStudioVersion = 15.0.26730.16
MinimumVisualStudioVersion = 10.0.40219.1
Project("{FAE04EC0-301F-11D3-BF4B-00C04F79EFBC}") = "BlankWeb", "BlankWeb\BlankWeb.csproj", "{ED47D846-DD7B-403D-9864-EF2F55DB9F41}"
EndProject
Global
	GlobalSection(SolutionConfigurationPlatforms) = preSolution
		Debug|Any CPU = Debug|Any CPU
		Release|Any CPU = Release|Any CPU
	EndGlobalSection
	GlobalSection(ProjectConfigurationPlatforms) = postSolution
		{ED47D846-DD7B-403D-9864-EF2F55DB9F41}.Debug|Any CPU.ActiveCfg = Debug|Any CPU
		{ED47D846-DD7B-403D-9864-EF2F55DB9F41}.Debug|Any CPU.Build.0 = Debug|Any CPU
		{ED47D846-DD7B-403D-9864-EF2F55DB9F41}.Release|Any CPU.ActiveCfg = Release|Any CPU
		{ED47D846-DD7B-403D-9864-EF2F55DB9F41}.Release|Any CPU.Build.0 = Release|Any CPU
	EndGlobalSection
	GlobalSection(SolutionProperties) = preSolution
		HideSolutionNode = FALSE
	EndGlobalSection
	GlobalSection(ExtensibilityGlobals) = postSolution
		SolutionGuid = {EC15AD5A-EA0A-4E46-A990-D599F6FCBD46}
	EndGlobalSection
EndGlobal
